<?xml version="1.0" encoding="UTF-8"?>
<CONFIG>
  <ProjectOptions>
    <Version Value="12"/>
    <PathDelim Value="\"/>
    <General>
      <Flags>
        <CompatibilityMode Value="True"/>
      </Flags>
      <SessionStorage Value="InProjectDir"/>
      <Title Value="RM"/>
      <ResourceType Value="res"/>
      <UseXPManifest Value="True"/>
      <XPManifest>
        <DpiAware Value="True"/>
      </XPManifest>
      <Icon Value="0"/>
      <Resources Count="35">
        <Resource_0 FileName="Images\CIRC1.BMP" Type="BITMAP" ResourceName="CIRC1"/>
        <Resource_1 FileName="Images\CIRC2.BMP" Type="BITMAP" ResourceName="CIRC2"/>
        <Resource_2 FileName="Images\DOWN1.BMP" Type="BITMAP" ResourceName="DOWN1"/>
        <Resource_3 FileName="Images\FCIRC1.BMP" Type="BITMAP" ResourceName="FCIRC1"/>
        <Resource_4 FileName="Images\FCIRC2.BMP" Type="BITMAP" ResourceName="FCIRC2"/>
        <Resource_5 FileName="Images\FRECT1.BMP" Type="BITMAP" ResourceName="FRECT1"/>
        <Resource_6 FileName="Images\FRECT2.BMP" Type="BITMAP" ResourceName="FRECT2"/>
        <Resource_7 FileName="Images\GRID1.BMP" Type="BITMAP" ResourceName="GRID1"/>
        <Resource_8 FileName="Images\GRID2.BMP" Type="BITMAP" ResourceName="GRID2"/>
        <Resource_9 FileName="Images\LEFT1.BMP" Type="BITMAP" ResourceName="LEFT1"/>
        <Resource_10 FileName="Images\LINE1.BMP" Type="BITMAP" ResourceName="LINE1"/>
        <Resource_11 FileName="Images\LINE2.BMP" Type="BITMAP" ResourceName="LINE2"/>
        <Resource_12 FileName="Images\PAINT1.BMP" Type="BITMAP" ResourceName="PAINT1"/>
        <Resource_13 FileName="Images\PAINT2.BMP" Type="BITMAP" ResourceName="PAINT2"/>
        <Resource_14 FileName="Images\PEN1.BMP" Type="BITMAP" ResourceName="PEN1"/>
        <Resource_15 FileName="Images\PEN2.BMP" Type="BITMAP" ResourceName="PEN2"/>
        <Resource_16 FileName="Images\RECT1.BMP" Type="BITMAP" ResourceName="RECT1"/>
        <Resource_17 FileName="Images\RECT2.BMP" Type="BITMAP" ResourceName="RECT2"/>
        <Resource_18 FileName="Images\RIGHT1.BMP" Type="BITMAP" ResourceName="RIGHT1"/>
        <Resource_19 FileName="Images\SELECT1.BMP" Type="BITMAP" ResourceName="SELECT1"/>
        <Resource_20 FileName="Images\SELECT2.BMP" Type="BITMAP" ResourceName="SELECT2"/>
        <Resource_21 FileName="Images\SPRAY1.BMP" Type="BITMAP" ResourceName="SPRAY1"/>
        <Resource_22 FileName="Images\SPRAY2.BMP" Type="BITMAP" ResourceName="SPRAY2"/>
        <Resource_23 FileName="Images\UNDO1.BMP" Type="BITMAP" ResourceName="UNDO1"/>
        <Resource_24 FileName="Images\UNDO2.BMP" Type="BITMAP" ResourceName="UNDO2"/>
        <Resource_25 FileName="Images\UP1.BMP" Type="BITMAP" ResourceName="UP1"/>
        <Resource_26 FileName="Images\RM.bmp" Type="BITMAP" ResourceName="RM"/>
        <Resource_27 FileName="Images\ELLIP1.BMP" Type="BITMAP" ResourceName="ELLIP1"/>
        <Resource_28 FileName="Images\ELLIP2.bmp" Type="BITMAP" ResourceName="ELLIP2"/>
        <Resource_29 FileName="Images\FELLIP1.bmp" Type="BITMAP" ResourceName="FELLIP1"/>
        <Resource_30 FileName="Images\FELLIP2.bmp" Type="BITMAP" ResourceName="FELLIP2"/>
        <Resource_31 FileName="Images\TEXT1.bmp" Type="BITMAP" ResourceName="TEXT1"/>
        <Resource_32 FileName="Images\TEXT2.bmp" Type="BITMAP" ResourceName="TEXT2"/>
        <Resource_33 FileName="Images\FONT1.bmp" Type="BITMAP" ResourceName="FONT1"/>
        <Resource_34 FileName="Images\FONT2.bmp" Type="BITMAP" ResourceName="FONT2"/>
      </Resources>
    </General>
    <BuildModes Count="3">
      <Item1 Name="Default" Default="True"/>
      <Item2 Name="Release">
        <CompilerOptions>
          <Version Value="11"/>
          <PathDelim Value="\"/>
          <Target>
            <Filename Value="RM"/>
          </Target>
          <SearchPaths>
            <IncludeFiles Value="$(ProjOutDir)"/>
            <UnitOutputDirectory Value="lib\$(TargetCPU)-$(TargetOS)"/>
          </SearchPaths>
          <CodeGeneration>
            <SmartLinkUnit Value="True"/>
            <Optimizations>
              <OptimizationLevel Value="2"/>
            </Optimizations>
            <SmallerCode Value="True"/>
          </CodeGeneration>
          <Linking>
            <Debugging>
              <GenerateDebugInfo Value="False"/>
              <DebugInfoType Value="dsDwarf3"/>
              <StripSymbols Value="True"/>
            </Debugging>
            <LinkSmart Value="True"/>
            <Options>
              <Win32>
                <GraphicApplication Value="True"/>
              </Win32>
            </Options>
          </Linking>
        </CompilerOptions>
      </Item2>
      <Item3 Name="Release 32 bit">
        <CompilerOptions>
          <Version Value="11"/>
          <PathDelim Value="\"/>
          <Target>
            <Filename Value="RM"/>
          </Target>
          <SearchPaths>
            <IncludeFiles Value="$(ProjOutDir)"/>
            <UnitOutputDirectory Value="lib\$(TargetCPU)-$(TargetOS)"/>
          </SearchPaths>
          <CodeGeneration>
            <SmartLinkUnit Value="True"/>
            <TargetCPU Value="i386"/>
            <TargetOS Value="win32"/>
            <Optimizations>
              <OptimizationLevel Value="2"/>
            </Optimizations>
            <SmallerCode Value="True"/>
          </CodeGeneration>
          <Linking>
            <Debugging>
              <GenerateDebugInfo Value="False"/>
              <DebugInfoType Value="dsDwarf3"/>
              <StripSymbols Value="True"/>
            </Debugging>
            <LinkSmart Value="True"/>
            <Options>
              <Win32>
                <GraphicApplication Value="True"/>
              </Win32>
            </Options>
          </Linking>
        </CompilerOptions>
      </Item3>
    </BuildModes>
    <PublishOptions>
      <Version Value="2"/>
    </PublishOptions>
    <RunParams>
      <FormatVersion Value="2"/>
      <Modes Count="1">
        <Mode0 Name="default"/>
      </Modes>
    </RunParams>
    <RequiredPackages Count="5">
      <Item1>
        <PackageName Value="LazControls"/>
      </Item1>
      <Item2>
        <PackageName Value="LazControlDsgn"/>
      </Item2>
      <Item3>
        <PackageName Value="pascalscript"/>
      </Item3>
      <Item4>
        <PackageName Value="LazColorPalette"/>
      </Item4>
      <Item5>
        <PackageName Value="LCL"/>
      </Item5>
    </RequiredPackages>
    <Units Count="47">
      <Unit0>
        <Filename Value="rm.lpr"/>
        <IsPartOfProject Value="True"/>
      </Unit0>
      <Unit1>
        <Filename Value="rmmain.pas"/>
        <IsPartOfProject Value="True"/>
        <ComponentName Value="RMMainForm"/>
        <HasResources Value="True"/>
        <ResourceBaseClass Value="Form"/>
      </Unit1>
      <Unit2>
        <Filename Value="rmcore.pas"/>
        <IsPartOfProject Value="True"/>
      </Unit2>
      <Unit3>
        <Filename Value="rmtools.pas"/>
        <IsPartOfProject Value="True"/>
      </Unit3>
      <Unit4>
        <Filename Value="rmcolor.pas"/>
        <IsPartOfProject Value="True"/>
        <ComponentName Value="RMEGAColorDialog"/>
        <HasResources Value="True"/>
        <ResourceBaseClass Value="Form"/>
      </Unit4>
      <Unit5>
        <Filename Value="rmcolorvga.pas"/>
        <IsPartOfProject Value="True"/>
        <ComponentName Value="RMVgaColorDialog"/>
        <HasResources Value="True"/>
        <ResourceBaseClass Value="Form"/>
      </Unit5>
      <Unit6>
        <Filename Value="flood.pas"/>
        <IsPartOfProject Value="True"/>
      </Unit6>
      <Unit7>
        <Filename Value="rmabout.pas"/>
        <IsPartOfProject Value="True"/>
        <ComponentName Value="AboutDialog"/>
        <HasResources Value="True"/>
        <ResourceBaseClass Value="Form"/>
      </Unit7>
      <Unit8>
        <Filename Value="rmamigacolor.pas"/>
        <IsPartOfProject Value="True"/>
        <ComponentName Value="RMAmigaColorDialog"/>
        <HasResources Value="True"/>
        <ResourceBaseClass Value="Form"/>
      </Unit8>
      <Unit9>
        <Filename Value="rwraw.pas"/>
        <IsPartOfProject Value="True"/>
      </Unit9>
      <Unit10>
        <Filename Value="rwpal.pas"/>
        <IsPartOfProject Value="True"/>
      </Unit10>
      <Unit11>
        <Filename Value="wjavascriptarray.pas"/>
        <IsPartOfProject Value="True"/>
      </Unit11>
      <Unit12>
        <Filename Value="rwgif.pas"/>
        <IsPartOfProject Value="True"/>
      </Unit12>
      <Unit13>
        <Filename Value="rmexportprops.pas"/>
        <IsPartOfProject Value="True"/>
        <ComponentName Value="ImageExportForm"/>
        <HasResources Value="True"/>
        <ResourceBaseClass Value="Form"/>
      </Unit13>
      <Unit14>
        <Filename Value="rmxgfcore.pas"/>
        <IsPartOfProject Value="True"/>
      </Unit14>
      <Unit15>
        <Filename Value="rwpng.pas"/>
        <IsPartOfProject Value="True"/>
      </Unit15>
      <Unit16>
        <Filename Value="wmouse.pas"/>
        <IsPartOfProject Value="True"/>
      </Unit16>
      <Unit17>
        <Filename Value="mapcore.pas"/>
        <IsPartOfProject Value="True"/>
      </Unit17>
      <Unit18>
        <Filename Value="mapeditor.pas"/>
        <IsPartOfProject Value="True"/>
        <ComponentName Value="MapEdit"/>
        <HasResources Value="True"/>
        <ResourceBaseClass Value="Form"/>
      </Unit18>
      <Unit19>
        <Filename Value="rwmap.pas"/>
        <IsPartOfProject Value="True"/>
      </Unit19>
      <Unit20>
        <Filename Value="mapexiportprops.pas"/>
        <IsPartOfProject Value="True"/>
        <ComponentName Value="MapExportForm"/>
        <HasResources Value="True"/>
        <ResourceBaseClass Value="Form"/>
      </Unit20>
      <Unit21>
        <Filename Value="gwbasic.pas"/>
        <IsPartOfProject Value="True"/>
      </Unit21>
      <Unit22>
        <Filename Value="spriteimport.pas"/>
        <IsPartOfProject Value="True"/>
        <ComponentName Value="SpriteImportForm"/>
        <HasResources Value="True"/>
        <ResourceBaseClass Value="Form"/>
      </Unit22>
      <Unit23>
        <Filename Value="wraylib.pas"/>
        <IsPartOfProject Value="True"/>
      </Unit23>
      <Unit24>
        <Filename Value="rmcodegen.pas"/>
        <IsPartOfProject Value="True"/>
      </Unit24>
      <Unit25>
        <Filename Value="rwaqb.pas"/>
        <IsPartOfProject Value="True"/>
      </Unit25>
      <Unit26>
        <Filename Value="rmapi.pas"/>
        <IsPartOfProject Value="True"/>
      </Unit26>
      <Unit27>
        <Filename Value="rmcolorxga.pas"/>
        <IsPartOfProject Value="True"/>
        <ComponentName Value="RMXgaColorDialog"/>
        <HasResources Value="True"/>
        <ResourceBaseClass Value="Form"/>
      </Unit27>
      <Unit28>
        <Filename Value="fileprops.pas"/>
        <IsPartOfProject Value="True"/>
        <ComponentName Value="FileProperties"/>
        <HasResources Value="True"/>
        <ResourceBaseClass Value="Form"/>
      </Unit28>
      <Unit29>
        <Filename Value="drawprocs.pas"/>
        <IsPartOfProject Value="True"/>
      </Unit29>
      <Unit30>
        <Filename Value="rmconfig.pas"/>
        <IsPartOfProject Value="True"/>
      </Unit30>
      <Unit31>
        <Filename Value="rmclipboard.pas"/>
        <IsPartOfProject Value="True"/>
      </Unit31>
      <Unit32>
        <Filename Value="soundgen.lfm"/>
        <IsPartOfProject Value="True"/>
      </Unit32>
      <Unit33>
        <Filename Value="soundgen.pas"/>
        <IsPartOfProject Value="True"/>
        <ComponentName Value="SoundGeneratorForm"/>
        <HasResources Value="True"/>
        <ResourceBaseClass Value="Form"/>
      </Unit33>
      <Unit34>
        <Filename Value="usfxr.pas"/>
        <IsPartOfProject Value="True"/>
      </Unit34>
      <Unit35>
        <Filename Value="spritesheetexport.pas"/>
        <IsPartOfProject Value="True"/>
        <ComponentName Value="SpriteSheetExportForm"/>
        <HasResources Value="True"/>
        <ResourceBaseClass Value="Form"/>
      </Unit35>
      <Unit36>
        <Filename Value="animate.pas"/>
        <IsPartOfProject Value="True"/>
        <ComponentName Value="AnimationForm"/>
        <HasResources Value="True"/>
        <ResourceBaseClass Value="Form"/>
      </Unit36>
      <Unit37>
        <Filename Value="animbase.pas"/>
        <IsPartOfProject Value="True"/>
      </Unit37>
      <Unit38>
        <Filename Value="setcustommapsize.pas"/>
        <IsPartOfProject Value="True"/>
        <ComponentName Value="SetCustomMapSizeForm"/>
        <HasResources Value="True"/>
        <ResourceBaseClass Value="Form"/>
      </Unit38>
      <Unit39>
        <Filename Value="animationexport.pas"/>
        <IsPartOfProject Value="True"/>
        <ComponentName Value="AnimationExportForm"/>
        <HasResources Value="True"/>
        <ResourceBaseClass Value="Form"/>
      </Unit39>
      <Unit40>
        <Filename Value="rwspriteanim.pas"/>
        <IsPartOfProject Value="True"/>
      </Unit40>
      <Unit41>
        <Filename Value="setcustomspritesize.pas"/>
        <IsPartOfProject Value="True"/>
        <ComponentName Value="setcustomspritesizeform"/>
        <HasResources Value="True"/>
        <ResourceBaseClass Value="Form"/>
      </Unit41>
      <Unit42>
        <Filename Value="setcustomtilesize.pas"/>
        <IsPartOfProject Value="True"/>
        <ComponentName Value="SetCustomTileSizeForm"/>
        <HasResources Value="True"/>
        <ResourceBaseClass Value="Form"/>
      </Unit42>
      <Unit43>
        <Filename Value="setcustomcellsize.pas"/>
        <IsPartOfProject Value="True"/>
        <ComponentName Value="SetCustomCellSizeForm"/>
        <HasResources Value="True"/>
        <ResourceBaseClass Value="Form"/>
      </Unit43>
      <Unit44>
        <Filename Value="fontsheetexport.pas"/>
        <IsPartOfProject Value="True"/>
        <ComponentName Value="FontSheetExportForm"/>
        <HasResources Value="True"/>
        <ResourceBaseClass Value="Form"/>
      </Unit44>
      <Unit45>
        <Filename Value="fontsheetexport.lfm"/>
        <IsPartOfProject Value="True"/>
      </Unit45>
      <Unit46>
        <Filename Value="bmfontgen.pas"/>
        <IsPartOfProject Value="True"/>
      </Unit46>
    </Units>
  </ProjectOptions>
  <CompilerOptions>
    <Version Value="11"/>
    <PathDelim Value="\"/>
    <Target>
      <Filename Value="RM"/>
    </Target>
    <SearchPaths>
      <IncludeFiles Value="$(ProjOutDir)"/>
      <UnitOutputDirectory Value="lib\$(TargetCPU)-$(TargetOS)"/>
    </SearchPaths>
    <CodeGeneration>
      <Optimizations>
        <OptimizationLevel Value="0"/>
      </Optimizations>
    </CodeGeneration>
    <Linking>
      <Debugging>
        <DebugInfoType Value="dsDwarf3"/>
      </Debugging>
      <Options>
        <Win32>
          <GraphicApplication Value="True"/>
        </Win32>
      </Options>
    </Linking>
  </CompilerOptions>
  <Debugging>
    <Exceptions Count="3">
      <Item1>
        <Name Value="EAbort"/>
      </Item1>
      <Item2>
        <Name Value="ECodetoolError"/>
      </Item2>
      <Item3>
        <Name Value="EFOpenError"/>
      </Item3>
    </Exceptions>
  </Debugging>
</CONFIG>
